
Microsoft Visual Studio Solution File, Format Version 12.00
# Visual Studio Version 17
VisualStudioVersion = 17.2.32630.192
MinimumVisualStudioVersion = 10.0.40219.1
Project("{9A19103F-16F7-4668-BE54-9A1E7A4F7556}") = "net-core-minimal-sample", "Web-API\net-core-minimal-sample\net-core-minimal-sample.csproj", "{9CBDCEC2-41FB-470E-959A-415A1520767E}"
EndProject
Project("{9A19103F-16F7-4668-BE54-9A1E7A4F7556}") = "net-core-sample", "Web-API\net-core-sample\net-core-sample.csproj", "{A0B16D7A-1307-433B-998F-B9210184F8CA}"
EndProject
Project("{FAE04EC0-301F-11D3-BF4B-00C04F79EFBC}") = "net-framework-sample", "Web-API\net-framework-sample\net-framework-sample.csproj", "{35E710AE-63CB-49E9-AB7E-D6314930B467}"
EndProject
Global
	GlobalSection(SolutionConfigurationPlatforms) = preSolution
		Debug|Any CPU = Debug|Any CPU
		Release|Any CPU = Release|Any CPU
	EndGlobalSection
	GlobalSection(ProjectConfigurationPlatforms) = postSolution
		{9CBDCEC2-41FB-470E-959A-415A1520767E}.Debug|Any CPU.ActiveCfg = Debug|Any CPU
		{9CBDCEC2-41FB-470E-959A-415A1520767E}.Debug|Any CPU.Build.0 = Debug|Any CPU
		{9CBDCEC2-41FB-470E-959A-415A1520767E}.Release|Any CPU.ActiveCfg = Release|Any CPU
		{9CBDCEC2-41FB-470E-959A-415A1520767E}.Release|Any CPU.Build.0 = Release|Any CPU
		{A0B16D7A-1307-433B-998F-B9210184F8CA}.Debug|Any CPU.ActiveCfg = Debug|Any CPU
		{A0B16D7A-1307-433B-998F-B9210184F8CA}.Debug|Any CPU.Build.0 = Debug|Any CPU
		{A0B16D7A-1307-433B-998F-B9210184F8CA}.Release|Any CPU.ActiveCfg = Release|Any CPU
		{A0B16D7A-1307-433B-998F-B9210184F8CA}.Release|Any CPU.Build.0 = Release|Any CPU
		{35E710AE-63CB-49E9-AB7E-D6314930B467}.Debug|Any CPU.ActiveCfg = Debug|Any CPU
		{35E710AE-63CB-49E9-AB7E-D6314930B467}.Debug|Any CPU.Build.0 = Debug|Any CPU
		{35E710AE-63CB-49E9-AB7E-D6314930B467}.Release|Any CPU.ActiveCfg = Release|Any CPU
		{35E710AE-63CB-49E9-AB7E-D6314930B467}.Release|Any CPU.Build.0 = Release|Any CPU
	EndGlobalSection
	GlobalSection(SolutionProperties) = preSolution
		HideSolutionNode = FALSE
	EndGlobalSection
	GlobalSection(ExtensibilityGlobals) = postSolution
		SolutionGuid = {C1E00474-41BA-4105-AC21-87A7246E0F3F}
	EndGlobalSection
EndGlobal
